// !$*UTF8*$!
{
	archiveVersion = 1;
	classes = {
	};
	objectVersion = 46;
	objects = {

/* Begin PBXBuildFile section */
		813F21ED1B0DD3FA00071A5A /* main.c in Sources */ = {isa = PBXBuildFile; fileRef = 813F21EC1B0DD3FA00071A5A /* main.c */; };
/* End PBXBuildFile section */

/* Begin PBXCopyFilesBuildPhase section */
		813F21E71B0DD3FA00071A5A /* CopyFiles */ = {
			isa = PBXCopyFilesBuildPhase;
			buildActionMask = 2147483647;
			dstPath = /usr/share/man/man1/;
			dstSubfolderSpec = 0;
			files = (
			);
			runOnlyForDeploymentPostprocessing = 1;
		};
/* End PBXCopyFilesBuildPhase section */

/* Begin PBXFileReference section */
		813F21E91B0DD3FA00071A5A /* lzy_ex2.7_4_1 */ = {isa = PBXFileReference; explicitFileType = "compiled.mach-o.executable"; includeInIndex = 0; path = lzy_ex2.7_4_1; sourceTree = BUILT_PRODUCTS_DIR; };
		813F21EC1B0DD3FA00071A5A /* main.c */ = {isa = PBXFileReference; lastKnownFileType = sourcecode.c.c; path = main.c; sourceTree = "<group>"; };
/* End PBXFileReference section */

/* Begin PBXFrameworksBuildPhase section */
		813F21E61B0DD3FA00071A5A /* Frameworks */ = {
			isa = PBXFrameworksBuildPhase;
			buildActionMask = 2147483647;
			files = (
			);
			runOnlyForDeploymentPostprocessing = 0;
		};
/* End PBXFrameworksBuildPhase section */

/* Begin PBXGroup section */
		813F21E01B0DD3FA00071A5A = {
			isa = PBXGroup;
			children = (
				813F21EB1B0DD3FA00071A5A /* lzy_ex2.7_4_1 */,
				813F21EA1B0DD3FA00071A5A /* Products */,
			);
			sourceTree = "<group>";
		};
		813F21EA1B0DD3FA00071A5A /* Products */ = {
			isa = PBXGroup;
			children = (
				813F21E91B0DD3FA00071A5A /* lzy_ex2.7_4_1 */,
			);
			name = Products;
			sourceTree = "<group>";
		};
		813F21EB1B0DD3FA00071A5A /* lzy_ex2.7_4_1 */ = {
			isa = PBXGroup;
			children = (
				813F21EC1B0DD3FA00071A5A /* main.c */,
			);
			path = lzy_ex2.7_4_1;
			sourceTree = "<group>";
		};
/* End PBXGroup section */

/* Begin PBXNativeTarget section */
		813F21E81B0DD3FA00071A5A /* lzy_ex2.7_4_1 */ = {
			isa = PBXNativeTarget;
			buildConfigurationList = 813F21F01B0DD3FA00071A5A /* Build configuration list for PBXNativeTarget "lzy_ex2.7_4_1" */;
			buildPhases = (
				813F21E51B0DD3FA00071A5A /* Sources */,
				813F21E61B0DD3FA00071A5A /* Frameworks */,
				813F21E71B0DD3FA00071A5A /* CopyFiles */,
			);
			buildRules = (
			);
			dependencies = (
			);
			name = lzy_ex2.7_4_1;
			productName = lzy_ex2.7_4_1;
			productReference = 813F21E91B0DD3FA00071A5A /* lzy_ex2.7_4_1 */;
			productType = "com.apple.product-type.tool";
		};
/* End PBXNativeTarget section */

/* Begin PBXProject section */
		813F21E11B0DD3FA00071A5A /* Project object */ = {
			isa = PBXProject;
			attributes = {
				LastUpgradeCheck = 0630;
				ORGANIZATIONNAME = Lteam.lzy;
				TargetAttributes = {
					813F21E81B0DD3FA00071A5A = {
						CreatedOnToolsVersion = 6.3;
					};
				};
			};
			buildConfigurationList = 813F21E41B0DD3FA00071A5A /* Build configuration list for PBXProject "lzy_ex2.7_4_1" */;
			compatibilityVersion = "Xcode 3.2";
			developmentRegion = English;
			hasScannedForEncodings = 0;
			knownRegions = (
				en,
			);
			mainGroup = 813F21E01B0DD3FA00071A5A;
			productRefGroup = 813F21EA1B0DD3FA00071A5A /* Products */;
			projectDirPath = "";
			projectRoot = "";
			targets = (
				813F21E81B0DD3FA00071A5A /* lzy_ex2.7_4_1 */,
			);
		};
/* End PBXProject section */

/* Begin PBXSourcesBuildPhase section */
		813F21E51B0DD3FA00071A5A /* Sources */ = {
			isa = PBXSourcesBuildPhase;
			buildActionMask = 2147483647;
			files = (
				813F21ED1B0DD3FA00071A5A /* main.c in Sources */,
			);
			runOnlyForDeploymentPostprocessing = 0;
		};
/* End PBXSourcesBuildPhase section */

/* Begin XCBuildConfiguration section */
		813F21EE1B0DD3FA00071A5A /* Debug */ = {
			isa = XCBuildConfiguration;
			buildSettings = {
				ALWAYS_SEARCH_USER_PATHS = NO;
				CLANG_CXX_LANGUAGE_STANDARD = "gnu++0x";
				CLANG_CXX_LIBRARY = "libc++";
				CLANG_ENABLE_MODULES = YES;
				CLANG_ENABLE_OBJC_ARC = YES;
				CLANG_WARN_BOOL_CONVERSION = YES;
				CLANG_WARN_CONSTANT_CONVERSION = YES;
				CLANG_WARN_DIRECT_OBJC_ISA_USAGE = YES_ERROR;
				CLANG_WARN_EMPTY_BODY = YES;
				CLANG_WARN_ENUM_CONVERSION = YES;
				CLANG_WARN_INT_CONVERSION = YES;
				CLANG_WARN_OBJC_ROOT_CLASS = YES_ERROR;
				CLANG_WARN_UNREACHABLE_CODE = YES;
				CLANG_WARN__DUPLICATE_METHOD_MATCH = YES;
				COPY_PHASE_STRIP = NO;
				DEBUG_INFORMATION_FORMAT = dwarf;
				ENABLE_STRICT_OBJC_MSGSEND = YES;
				GCC_C_LANGUAGE_STANDARD = gnu99;
				GCC_DYNAMIC_NO_PIC = NO;
				GCC_NO_COMMON_BLOCKS = YES;
				GCC_OPTIMIZATION_LEVEL = 0;
				GCC_PREPROCESSOR_DEFINITIONS = (
					"DEBUG=1",
					"$(inherited)",
				);
				GCC_SYMBOLS_PRIVATE_EXTERN = NO;
				GCC_WARN_64_TO_32_BIT_CONVERSION = YES;
				GCC_WARN_ABOUT_RETURN_TYPE = YES_ERROR;
				GCC_WARN_UNDECLARED_SELECTOR = YES;
				GCC_WARN_UNINITIALIZED_AUTOS = YES_AGGRESSIVE;
				GCC_WARN_UNUSED_FUNCTION = YES;
				GCC_WARN_UNUSED_VARIABLE = YES;
				MACOSX_DEPLOYMENT_TARGET = 10.10;
				MTL_ENABLE_DEBUG_INFO = YES;
				ONLY_ACTIVE_ARCH = YES;
				SDKROOT = macosx;
			};
			name = Debug;
		};
		813F21EF1B0DD3FA00071A5A /* Release */ = {
			isa = XCBuildConfiguration;
			buildSettings = {
				ALWAYS_SEARCH_USER_PATHS = NO;
				CLANG_CXX_LANGUAGE_STANDARD = "gnu++0x";
				CLANG_CXX_LIBRARY = "libc++";
				CLANG_ENABLE_MODULES = YES;
				CLANG_ENABLE_OBJC_ARC = YES;
				CLANG_WARN_BOOL_CONVERSION = YES;
				CLANG_WARN_CONSTANT_CONVERSION = YES;
				CLANG_WARN_DIRECT_OBJC_ISA_USAGE = YES_ERROR;
				CLANG_WARN_EMPTY_BODY = YES;
				CLANG_WARN_ENUM_CONVERSION = YES;
				CLANG_WARN_INT_CONVERSION = YES;
				CLANG_WARN_OBJC_ROOT_CLASS = YES_ERROR;
				CLANG_WARN_UNREACHABLE_CODE = YES;
				CLANG_WARN__DUPLICATE_METHOD_MATCH = YES;
				COPY_PHASE_STRIP = NO;
				DEBUG_INFORMATION_FORMAT = "dwarf-with-dsym";
				ENABLE_NS_ASSERTIONS = NO;
				ENABLE_STRICT_OBJC_MSGSEND = YES;
				GCC_C_LANGUAGE_STANDARD = gnu99;
				GCC_NO_COMMON_BLOCKS = YES;
				GCC_WARN_64_TO_32_BIT_CONVERSION = YES;
				GCC_WARN_ABOUT_RETURN_TYPE = YES_ERROR;
				GCC_WARN_UNDECLARED_SELECTOR = YES;
				GCC_WARN_UNINITIALIZED_AUTOS = YES_AGGRESSIVE;
				GCC_WARN_UNUSED_FUNCTION = YES;
				GCC_WARN_UNUSED_VARIABLE = YES;
				MACOSX_DEPLOYMENT_TARGET = 10.10;
				MTL_ENABLE_DEBUG_INFO = NO;
				SDKROOT = macosx;
			};
			name = Release;
		};
		813F21F11B0DD3FA00071A5A /* Debug */ = {
			isa = XCBuildConfiguration;
			buildSettings = {
				PRODUCT_NAME = "$(TARGET_NAME)";
			};
			name = Debug;
		};
		813F21F21B0DD3FA00071A5A /* Release */ = {
			isa = XCBuildConfiguration;
			buildSettings = {
				PRODUCT_NAME = "$(TARGET_NAME)";
			};
			name = Release;
		};
/* End XCBuildConfiguration section */

/* Begin XCConfigurationList section */
		813F21E41B0DD3FA00071A5A /* Build configuration list for PBXProject "lzy_ex2.7_4_1" */ = {
			isa = XCConfigurationList;
			buildConfigurations = (
				813F21EE1B0DD3FA00071A5A /* Debug */,
				813F21EF1B0DD3FA00071A5A /* Release */,
			);
			defaultConfigurationIsVisible = 0;
			defaultConfigurationName = Release;
		};
		813F21F01B0DD3FA00071A5A /* Build configuration list for PBXNativeTarget "lzy_ex2.7_4_1" */ = {
			isa = XCConfigurationList;
			buildConfigurations = (
				813F21F11B0DD3FA00071A5A /* Debug */,
				813F21F21B0DD3FA00071A5A /* Release */,
			);
			defaultConfigurationIsVisible = 0;
		};
/* End XCConfigurationList section */
	};
	rootObject = 813F21E11B0DD3FA00071A5A /* Project object */;
}
